
Microsoft Visual Studio Solution File, Format Version 12.00
# Visual Studio 15
VisualStudioVersion = 15.0.28307.168
MinimumVisualStudioVersion = 10.0.40219.1
Project("{FAE04EC0-301F-11D3-BF4B-00C04F79EFBC}") = "TyTyShop.Test", "TyTyShop.Test\TyTyShop.Test.csproj", "{D825DB48-8EE0-4B6A-AF77-2266616DBA9B}"
EndProject
Project("{FAE04EC0-301F-11D3-BF4B-00C04F79EFBC}") = "TyTyShop.Web", "TyTyShop.Web\TyTyShop.Web.csproj", "{BFB0A863-48EE-4EF1-A146-17AD9E269D86}"
EndProject
Project("{FAE04EC0-301F-11D3-BF4B-00C04F79EFBC}") = "TyTyShop.Common", "TyTyShop.Common\TyTyShop.Common.csproj", "{CBD64A64-BEBB-446F-9340-BF796F39F23D}"
EndProject
Project("{FAE04EC0-301F-11D3-BF4B-00C04F79EFBC}") = "TyTyShop.Data", "TyTyShop.Data\TyTyShop.Data.csproj", "{9A70B6EE-53C7-495E-873C-604875A4C6CE}"
EndProject
Project("{FAE04EC0-301F-11D3-BF4B-00C04F79EFBC}") = "TyTyShop.Service", "TyTyShop.Service\TyTyShop.Service.csproj", "{B12C993A-4FEF-456E-A981-94EB730E1BFB}"
EndProject
Project("{FAE04EC0-301F-11D3-BF4B-00C04F79EFBC}") = "TyTyShop.Model", "TyTyShop.Model\TyTyShop.Model.csproj", "{C4BCD39D-EDA0-4E93-A73B-C90E67018689}"
EndProject
Global
	GlobalSection(SolutionConfigurationPlatforms) = preSolution
		Debug|Any CPU = Debug|Any CPU
		Debug|ARM = Debug|ARM
		Debug|ARM64 = Debug|ARM64
		Debug|x64 = Debug|x64
		Debug|x86 = Debug|x86
		Release|Any CPU = Release|Any CPU
		Release|ARM = Release|ARM
		Release|ARM64 = Release|ARM64
		Release|x64 = Release|x64
		Release|x86 = Release|x86
	EndGlobalSection
	GlobalSection(ProjectConfigurationPlatforms) = postSolution
		{D825DB48-8EE0-4B6A-AF77-2266616DBA9B}.Debug|Any CPU.ActiveCfg = Debug|Any CPU
		{D825DB48-8EE0-4B6A-AF77-2266616DBA9B}.Debug|Any CPU.Build.0 = Debug|Any CPU
		{D825DB48-8EE0-4B6A-AF77-2266616DBA9B}.Debug|ARM.ActiveCfg = Debug|Any CPU
		{D825DB48-8EE0-4B6A-AF77-2266616DBA9B}.Debug|ARM.Build.0 = Debug|Any CPU
		{D825DB48-8EE0-4B6A-AF77-2266616DBA9B}.Debug|ARM64.ActiveCfg = Debug|Any CPU
		{D825DB48-8EE0-4B6A-AF77-2266616DBA9B}.Debug|ARM64.Build.0 = Debug|Any CPU
		{D825DB48-8EE0-4B6A-AF77-2266616DBA9B}.Debug|x64.ActiveCfg = Debug|Any CPU
		{D825DB48-8EE0-4B6A-AF77-2266616DBA9B}.Debug|x64.Build.0 = Debug|Any CPU
		{D825DB48-8EE0-4B6A-AF77-2266616DBA9B}.Debug|x86.ActiveCfg = Debug|Any CPU
		{D825DB48-8EE0-4B6A-AF77-2266616DBA9B}.Debug|x86.Build.0 = Debug|Any CPU
		{D825DB48-8EE0-4B6A-AF77-2266616DBA9B}.Release|Any CPU.ActiveCfg = Release|Any CPU
		{D825DB48-8EE0-4B6A-AF77-2266616DBA9B}.Release|Any CPU.Build.0 = Release|Any CPU
		{D825DB48-8EE0-4B6A-AF77-2266616DBA9B}.Release|ARM.ActiveCfg = Release|Any CPU
		{D825DB48-8EE0-4B6A-AF77-2266616DBA9B}.Release|ARM.Build.0 = Release|Any CPU
		{D825DB48-8EE0-4B6A-AF77-2266616DBA9B}.Release|ARM64.ActiveCfg = Release|Any CPU
		{D825DB48-8EE0-4B6A-AF77-2266616DBA9B}.Release|ARM64.Build.0 = Release|Any CPU
		{D825DB48-8EE0-4B6A-AF77-2266616DBA9B}.Release|x64.ActiveCfg = Release|Any CPU
		{D825DB48-8EE0-4B6A-AF77-2266616DBA9B}.Release|x64.Build.0 = Release|Any CPU
		{D825DB48-8EE0-4B6A-AF77-2266616DBA9B}.Release|x86.ActiveCfg = Release|Any CPU
		{D825DB48-8EE0-4B6A-AF77-2266616DBA9B}.Release|x86.Build.0 = Release|Any CPU
		{BFB0A863-48EE-4EF1-A146-17AD9E269D86}.Debug|Any CPU.ActiveCfg = Debug|Any CPU
		{BFB0A863-48EE-4EF1-A146-17AD9E269D86}.Debug|Any CPU.Build.0 = Debug|Any CPU
		{BFB0A863-48EE-4EF1-A146-17AD9E269D86}.Debug|ARM.ActiveCfg = Debug|Any CPU
		{BFB0A863-48EE-4EF1-A146-17AD9E269D86}.Debug|ARM.Build.0 = Debug|Any CPU
		{BFB0A863-48EE-4EF1-A146-17AD9E269D86}.Debug|ARM64.ActiveCfg = Debug|Any CPU
		{BFB0A863-48EE-4EF1-A146-17AD9E269D86}.Debug|ARM64.Build.0 = Debug|Any CPU
		{BFB0A863-48EE-4EF1-A146-17AD9E269D86}.Debug|x64.ActiveCfg = Debug|Any CPU
		{BFB0A863-48EE-4EF1-A146-17AD9E269D86}.Debug|x64.Build.0 = Debug|Any CPU
		{BFB0A863-48EE-4EF1-A146-17AD9E269D86}.Debug|x86.ActiveCfg = Debug|Any CPU
		{BFB0A863-48EE-4EF1-A146-17AD9E269D86}.Debug|x86.Build.0 = Debug|Any CPU
		{BFB0A863-48EE-4EF1-A146-17AD9E269D86}.Release|Any CPU.ActiveCfg = Release|Any CPU
		{BFB0A863-48EE-4EF1-A146-17AD9E269D86}.Release|Any CPU.Build.0 = Release|Any CPU
		{BFB0A863-48EE-4EF1-A146-17AD9E269D86}.Release|ARM.ActiveCfg = Release|Any CPU
		{BFB0A863-48EE-4EF1-A146-17AD9E269D86}.Release|ARM.Build.0 = Release|Any CPU
		{BFB0A863-48EE-4EF1-A146-17AD9E269D86}.Release|ARM64.ActiveCfg = Release|Any CPU
		{BFB0A863-48EE-4EF1-A146-17AD9E269D86}.Release|ARM64.Build.0 = Release|Any CPU
		{BFB0A863-48EE-4EF1-A146-17AD9E269D86}.Release|x64.ActiveCfg = Release|Any CPU
		{BFB0A863-48EE-4EF1-A146-17AD9E269D86}.Release|x64.Build.0 = Release|Any CPU
		{BFB0A863-48EE-4EF1-A146-17AD9E269D86}.Release|x86.ActiveCfg = Release|Any CPU
		{BFB0A863-48EE-4EF1-A146-17AD9E269D86}.Release|x86.Build.0 = Release|Any CPU
		{CBD64A64-BEBB-446F-9340-BF796F39F23D}.Debug|Any CPU.ActiveCfg = Debug|Any CPU
		{CBD64A64-BEBB-446F-9340-BF796F39F23D}.Debug|Any CPU.Build.0 = Debug|Any CPU
		{CBD64A64-BEBB-446F-9340-BF796F39F23D}.Debug|ARM.ActiveCfg = Debug|Any CPU
		{CBD64A64-BEBB-446F-9340-BF796F39F23D}.Debug|ARM.Build.0 = Debug|Any CPU
		{CBD64A64-BEBB-446F-9340-BF796F39F23D}.Debug|ARM64.ActiveCfg = Debug|Any CPU
		{CBD64A64-BEBB-446F-9340-BF796F39F23D}.Debug|ARM64.Build.0 = Debug|Any CPU
		{CBD64A64-BEBB-446F-9340-BF796F39F23D}.Debug|x64.ActiveCfg = Debug|Any CPU
		{CBD64A64-BEBB-446F-9340-BF796F39F23D}.Debug|x64.Build.0 = Debug|Any CPU
		{CBD64A64-BEBB-446F-9340-BF796F39F23D}.Debug|x86.ActiveCfg = Debug|Any CPU
		{CBD64A64-BEBB-446F-9340-BF796F39F23D}.Debug|x86.Build.0 = Debug|Any CPU
		{CBD64A64-BEBB-446F-9340-BF796F39F23D}.Release|Any CPU.ActiveCfg = Release|Any CPU
		{CBD64A64-BEBB-446F-9340-BF796F39F23D}.Release|Any CPU.Build.0 = Release|Any CPU
		{CBD64A64-BEBB-446F-9340-BF796F39F23D}.Release|ARM.ActiveCfg = Release|Any CPU
		{CBD64A64-BEBB-446F-9340-BF796F39F23D}.Release|ARM.Build.0 = Release|Any CPU
		{CBD64A64-BEBB-446F-9340-BF796F39F23D}.Release|ARM64.ActiveCfg = Release|Any CPU
		{CBD64A64-BEBB-446F-9340-BF796F39F23D}.Release|ARM64.Build.0 = Release|Any CPU
		{CBD64A64-BEBB-446F-9340-BF796F39F23D}.Release|x64.ActiveCfg = Release|Any CPU
		{CBD64A64-BEBB-446F-9340-BF796F39F23D}.Release|x64.Build.0 = Release|Any CPU
		{CBD64A64-BEBB-446F-9340-BF796F39F23D}.Release|x86.ActiveCfg = Release|Any CPU
		{CBD64A64-BEBB-446F-9340-BF796F39F23D}.Release|x86.Build.0 = Release|Any CPU
		{9A70B6EE-53C7-495E-873C-604875A4C6CE}.Debug|Any CPU.ActiveCfg = Debug|Any CPU
		{9A70B6EE-53C7-495E-873C-604875A4C6CE}.Debug|Any CPU.Build.0 = Debug|Any CPU
		{9A70B6EE-53C7-495E-873C-604875A4C6CE}.Debug|ARM.ActiveCfg = Debug|Any CPU
		{9A70B6EE-53C7-495E-873C-604875A4C6CE}.Debug|ARM.Build.0 = Debug|Any CPU
		{9A70B6EE-53C7-495E-873C-604875A4C6CE}.Debug|ARM64.ActiveCfg = Debug|Any CPU
		{9A70B6EE-53C7-495E-873C-604875A4C6CE}.Debug|ARM64.Build.0 = Debug|Any CPU
		{9A70B6EE-53C7-495E-873C-604875A4C6CE}.Debug|x64.ActiveCfg = Debug|Any CPU
		{9A70B6EE-53C7-495E-873C-604875A4C6CE}.Debug|x64.Build.0 = Debug|Any CPU
		{9A70B6EE-53C7-495E-873C-604875A4C6CE}.Debug|x86.ActiveCfg = Debug|Any CPU
		{9A70B6EE-53C7-495E-873C-604875A4C6CE}.Debug|x86.Build.0 = Debug|Any CPU
		{9A70B6EE-53C7-495E-873C-604875A4C6CE}.Release|Any CPU.ActiveCfg = Release|Any CPU
		{9A70B6EE-53C7-495E-873C-604875A4C6CE}.Release|Any CPU.Build.0 = Release|Any CPU
		{9A70B6EE-53C7-495E-873C-604875A4C6CE}.Release|ARM.ActiveCfg = Release|Any CPU
		{9A70B6EE-53C7-495E-873C-604875A4C6CE}.Release|ARM.Build.0 = Release|Any CPU
		{9A70B6EE-53C7-495E-873C-604875A4C6CE}.Release|ARM64.ActiveCfg = Release|Any CPU
		{9A70B6EE-53C7-495E-873C-604875A4C6CE}.Release|ARM64.Build.0 = Release|Any CPU
		{9A70B6EE-53C7-495E-873C-604875A4C6CE}.Release|x64.ActiveCfg = Release|Any CPU
		{9A70B6EE-53C7-495E-873C-604875A4C6CE}.Release|x64.Build.0 = Release|Any CPU
		{9A70B6EE-53C7-495E-873C-604875A4C6CE}.Release|x86.ActiveCfg = Release|Any CPU
		{9A70B6EE-53C7-495E-873C-604875A4C6CE}.Release|x86.Build.0 = Release|Any CPU
		{B12C993A-4FEF-456E-A981-94EB730E1BFB}.Debug|Any CPU.ActiveCfg = Debug|Any CPU
		{B12C993A-4FEF-456E-A981-94EB730E1BFB}.Debug|Any CPU.Build.0 = Debug|Any CPU
		{B12C993A-4FEF-456E-A981-94EB730E1BFB}.Debug|ARM.ActiveCfg = Debug|Any CPU
		{B12C993A-4FEF-456E-A981-94EB730E1BFB}.Debug|ARM.Build.0 = Debug|Any CPU
		{B12C993A-4FEF-456E-A981-94EB730E1BFB}.Debug|ARM64.ActiveCfg = Debug|Any CPU
		{B12C993A-4FEF-456E-A981-94EB730E1BFB}.Debug|ARM64.Build.0 = Debug|Any CPU
		{B12C993A-4FEF-456E-A981-94EB730E1BFB}.Debug|x64.ActiveCfg = Debug|Any CPU
		{B12C993A-4FEF-456E-A981-94EB730E1BFB}.Debug|x64.Build.0 = Debug|Any CPU
		{B12C993A-4FEF-456E-A981-94EB730E1BFB}.Debug|x86.ActiveCfg = Debug|Any CPU
		{B12C993A-4FEF-456E-A981-94EB730E1BFB}.Debug|x86.Build.0 = Debug|Any CPU
		{B12C993A-4FEF-456E-A981-94EB730E1BFB}.Release|Any CPU.ActiveCfg = Release|Any CPU
		{B12C993A-4FEF-456E-A981-94EB730E1BFB}.Release|Any CPU.Build.0 = Release|Any CPU
		{B12C993A-4FEF-456E-A981-94EB730E1BFB}.Release|ARM.ActiveCfg = Release|Any CPU
		{B12C993A-4FEF-456E-A981-94EB730E1BFB}.Release|ARM.Build.0 = Release|Any CPU
		{B12C993A-4FEF-456E-A981-94EB730E1BFB}.Release|ARM64.ActiveCfg = Release|Any CPU
		{B12C993A-4FEF-456E-A981-94EB730E1BFB}.Release|ARM64.Build.0 = Release|Any CPU
		{B12C993A-4FEF-456E-A981-94EB730E1BFB}.Release|x64.ActiveCfg = Release|Any CPU
		{B12C993A-4FEF-456E-A981-94EB730E1BFB}.Release|x64.Build.0 = Release|Any CPU
		{B12C993A-4FEF-456E-A981-94EB730E1BFB}.Release|x86.ActiveCfg = Release|Any CPU
		{B12C993A-4FEF-456E-A981-94EB730E1BFB}.Release|x86.Build.0 = Release|Any CPU
		{C4BCD39D-EDA0-4E93-A73B-C90E67018689}.Debug|Any CPU.ActiveCfg = Debug|Any CPU
		{C4BCD39D-EDA0-4E93-A73B-C90E67018689}.Debug|Any CPU.Build.0 = Debug|Any CPU
		{C4BCD39D-EDA0-4E93-A73B-C90E67018689}.Debug|ARM.ActiveCfg = Debug|Any CPU
		{C4BCD39D-EDA0-4E93-A73B-C90E67018689}.Debug|ARM.Build.0 = Debug|Any CPU
		{C4BCD39D-EDA0-4E93-A73B-C90E67018689}.Debug|ARM64.ActiveCfg = Debug|Any CPU
		{C4BCD39D-EDA0-4E93-A73B-C90E67018689}.Debug|ARM64.Build.0 = Debug|Any CPU
		{C4BCD39D-EDA0-4E93-A73B-C90E67018689}.Debug|x64.ActiveCfg = Debug|Any CPU
		{C4BCD39D-EDA0-4E93-A73B-C90E67018689}.Debug|x64.Build.0 = Debug|Any CPU
		{C4BCD39D-EDA0-4E93-A73B-C90E67018689}.Debug|x86.ActiveCfg = Debug|Any CPU
		{C4BCD39D-EDA0-4E93-A73B-C90E67018689}.Debug|x86.Build.0 = Debug|Any CPU
		{C4BCD39D-EDA0-4E93-A73B-C90E67018689}.Release|Any CPU.ActiveCfg = Release|Any CPU
		{C4BCD39D-EDA0-4E93-A73B-C90E67018689}.Release|Any CPU.Build.0 = Release|Any CPU
		{C4BCD39D-EDA0-4E93-A73B-C90E67018689}.Release|ARM.ActiveCfg = Release|Any CPU
		{C4BCD39D-EDA0-4E93-A73B-C90E67018689}.Release|ARM.Build.0 = Release|Any CPU
		{C4BCD39D-EDA0-4E93-A73B-C90E67018689}.Release|ARM64.ActiveCfg = Release|Any CPU
		{C4BCD39D-EDA0-4E93-A73B-C90E67018689}.Release|ARM64.Build.0 = Release|Any CPU
		{C4BCD39D-EDA0-4E93-A73B-C90E67018689}.Release|x64.ActiveCfg = Release|Any CPU
		{C4BCD39D-EDA0-4E93-A73B-C90E67018689}.Release|x64.Build.0 = Release|Any CPU
		{C4BCD39D-EDA0-4E93-A73B-C90E67018689}.Release|x86.ActiveCfg = Release|Any CPU
		{C4BCD39D-EDA0-4E93-A73B-C90E67018689}.Release|x86.Build.0 = Release|Any CPU
	EndGlobalSection
	GlobalSection(SolutionProperties) = preSolution
		HideSolutionNode = FALSE
	EndGlobalSection
	GlobalSection(ExtensibilityGlobals) = postSolution
		SolutionGuid = {478B7000-D901-4B8F-8F04-CC2F6222517C}
	EndGlobalSection
EndGlobal
